
Microsoft Visual Studio Solution File, Format Version 10.00
# Visual C++ Express 2008
Project("{8BC9CEB8-8B4A-11D0-8D11-00A0C91BC942}") = "IOSees_Xplane", "IOSees_Xplane\IOSees_Xplane.vcproj", "{927D354F-AEC5-47AB-AAF1-C78B042F1098}"
EndProject
Global
	GlobalSection(SolutionConfigurationPlatforms) = preSolution
		Debug|Win32 = Debug|Win32
		Release|Win32 = Release|Win32
	EndGlobalSection
	GlobalSection(ProjectConfigurationPlatforms) = postSolution
		{927D354F-AEC5-47AB-AAF1-C78B042F1098}.Debug|Win32.ActiveCfg = Debug|Win32
		{927D354F-AEC5-47AB-AAF1-C78B042F1098}.Debug|Win32.Build.0 = Debug|Win32
		{927D354F-AEC5-47AB-AAF1-C78B042F1098}.Release|Win32.ActiveCfg = Release|Win32
		{927D354F-AEC5-47AB-AAF1-C78B042F1098}.Release|Win32.Build.0 = Release|Win32
	EndGlobalSection
	GlobalSection(SolutionProperties) = preSolution
		HideSolutionNode = FALSE
	EndGlobalSection
EndGlobal
